// !$*UTF8*$!
{
	archiveVersion = 1;
	classes = {
	};
	objectVersion = 48;
	objects = {

/* Begin PBXBuildFile section */
		BA12E80F200905B600665F9B /* Assets.xcassets in Resources */ = {isa = PBXBuildFile; fileRef = BA12E80E200905B600665F9B /* Assets.xcassets */; };
		BA12E812200905B600665F9B /* MainMenu.xib in Resources */ = {isa = PBXBuildFile; fileRef = BA12E810200905B600665F9B /* MainMenu.xib */; };
		BA12E82A20090B7700665F9B /* liballegro_main.5.2.3.dylib in Frameworks */ = {isa = PBXBuildFile; fileRef = BA12E81D20090B7600665F9B /* liballegro_main.5.2.3.dylib */; };
		BA12E82B20090B7700665F9B /* liballegro_memfile.5.2.3.dylib in Frameworks */ = {isa = PBXBuildFile; fileRef = BA12E81E20090B7700665F9B /* liballegro_memfile.5.2.3.dylib */; };
		BA12E82C20090B7700665F9B /* liballegro_video.5.2.3.dylib in Frameworks */ = {isa = PBXBuildFile; fileRef = BA12E81F20090B7700665F9B /* liballegro_video.5.2.3.dylib */; };
		BA12E82D20090B7700665F9B /* liballegro_image.5.2.3.dylib in Frameworks */ = {isa = PBXBuildFile; fileRef = BA12E82020090B7700665F9B /* liballegro_image.5.2.3.dylib */; };
		BA12E82E20090B7700665F9B /* liballegro_font.5.2.3.dylib in Frameworks */ = {isa = PBXBuildFile; fileRef = BA12E82120090B7700665F9B /* liballegro_font.5.2.3.dylib */; };
		BA12E82F20090B7700665F9B /* liballegro_ttf.5.2.3.dylib in Frameworks */ = {isa = PBXBuildFile; fileRef = BA12E82220090B7700665F9B /* liballegro_ttf.5.2.3.dylib */; };
		BA12E83020090B7700665F9B /* liballegro_color.5.2.3.dylib in Frameworks */ = {isa = PBXBuildFile; fileRef = BA12E82320090B7700665F9B /* liballegro_color.5.2.3.dylib */; };
		BA12E83120090B7700665F9B /* liballegro_audio.5.2.3.dylib in Frameworks */ = {isa = PBXBuildFile; fileRef = BA12E82420090B7700665F9B /* liballegro_audio.5.2.3.dylib */; };
		BA12E83220090B7700665F9B /* liballegro_physfs.5.2.3.dylib in Frameworks */ = {isa = PBXBuildFile; fileRef = BA12E82520090B7700665F9B /* liballegro_physfs.5.2.3.dylib */; };
		BA12E83320090B7700665F9B /* liballegro_acodec.5.2.3.dylib in Frameworks */ = {isa = PBXBuildFile; fileRef = BA12E82620090B7700665F9B /* liballegro_acodec.5.2.3.dylib */; };
		BA12E83420090B7700665F9B /* liballegro_dialog.5.2.3.dylib in Frameworks */ = {isa = PBXBuildFile; fileRef = BA12E82720090B7700665F9B /* liballegro_dialog.5.2.3.dylib */; };
		BA12E83520090B7700665F9B /* liballegro_primitives.5.2.3.dylib in Frameworks */ = {isa = PBXBuildFile; fileRef = BA12E82820090B7700665F9B /* liballegro_primitives.5.2.3.dylib */; };
		BA12E83620090B7700665F9B /* liballegro.5.2.3.dylib in Frameworks */ = {isa = PBXBuildFile; fileRef = BA12E82920090B7700665F9B /* liballegro.5.2.3.dylib */; };
		BA12E84520090D2900665F9B /* liballegro_main.5.2.3.dylib in CopyFiles */ = {isa = PBXBuildFile; fileRef = BA12E83820090D2800665F9B /* liballegro_main.5.2.3.dylib */; settings = {ATTRIBUTES = (CodeSignOnCopy, ); }; };
		BA12E84620090D2900665F9B /* liballegro_memfile.5.2.3.dylib in CopyFiles */ = {isa = PBXBuildFile; fileRef = BA12E83920090D2800665F9B /* liballegro_memfile.5.2.3.dylib */; settings = {ATTRIBUTES = (CodeSignOnCopy, ); }; };
		BA12E84720090D2900665F9B /* liballegro_video.5.2.3.dylib in CopyFiles */ = {isa = PBXBuildFile; fileRef = BA12E83A20090D2800665F9B /* liballegro_video.5.2.3.dylib */; settings = {ATTRIBUTES = (CodeSignOnCopy, ); }; };
		BA12E84820090D2900665F9B /* liballegro_image.5.2.3.dylib in CopyFiles */ = {isa = PBXBuildFile; fileRef = BA12E83B20090D2800665F9B /* liballegro_image.5.2.3.dylib */; settings = {ATTRIBUTES = (CodeSignOnCopy, ); }; };
		BA12E84920090D2900665F9B /* liballegro_font.5.2.3.dylib in CopyFiles */ = {isa = PBXBuildFile; fileRef = BA12E83C20090D2800665F9B /* liballegro_font.5.2.3.dylib */; settings = {ATTRIBUTES = (CodeSignOnCopy, ); }; };
		BA12E84A20090D2900665F9B /* liballegro_ttf.5.2.3.dylib in CopyFiles */ = {isa = PBXBuildFile; fileRef = BA12E83D20090D2800665F9B /* liballegro_ttf.5.2.3.dylib */; settings = {ATTRIBUTES = (CodeSignOnCopy, ); }; };
		BA12E84B20090D2900665F9B /* liballegro_color.5.2.3.dylib in CopyFiles */ = {isa = PBXBuildFile; fileRef = BA12E83E20090D2800665F9B /* liballegro_color.5.2.3.dylib */; settings = {ATTRIBUTES = (CodeSignOnCopy, ); }; };
		BA12E84C20090D2900665F9B /* liballegro_audio.5.2.3.dylib in CopyFiles */ = {isa = PBXBuildFile; fileRef = BA12E83F20090D2900665F9B /* liballegro_audio.5.2.3.dylib */; settings = {ATTRIBUTES = (CodeSignOnCopy, ); }; };
		BA12E84D20090D2900665F9B /* liballegro_physfs.5.2.3.dylib in CopyFiles */ = {isa = PBXBuildFile; fileRef = BA12E84020090D2900665F9B /* liballegro_physfs.5.2.3.dylib */; settings = {ATTRIBUTES = (CodeSignOnCopy, ); }; };
		BA12E84E20090D2900665F9B /* liballegro_acodec.5.2.3.dylib in CopyFiles */ = {isa = PBXBuildFile; fileRef = BA12E84120090D2900665F9B /* liballegro_acodec.5.2.3.dylib */; settings = {ATTRIBUTES = (CodeSignOnCopy, ); }; };
		BA12E84F20090D2900665F9B /* liballegro_dialog.5.2.3.dylib in CopyFiles */ = {isa = PBXBuildFile; fileRef = BA12E84220090D2900665F9B /* liballegro_dialog.5.2.3.dylib */; settings = {ATTRIBUTES = (CodeSignOnCopy, ); }; };
		BA12E85020090D2900665F9B /* liballegro_primitives.5.2.3.dylib in CopyFiles */ = {isa = PBXBuildFile; fileRef = BA12E84320090D2900665F9B /* liballegro_primitives.5.2.3.dylib */; settings = {ATTRIBUTES = (CodeSignOnCopy, ); }; };
		BA12E85120090D2900665F9B /* liballegro.5.2.3.dylib in CopyFiles */ = {isa = PBXBuildFile; fileRef = BA12E84420090D2900665F9B /* liballegro.5.2.3.dylib */; settings = {ATTRIBUTES = (CodeSignOnCopy, ); }; };
		BA92641B20091B2700F096B7 /* teemo.png in Resources */ = {isa = PBXBuildFile; fileRef = BA92641420091B2600F096B7 /* teemo.png */; };
		BA92641C20091B2700F096B7 /* maokai.png in Resources */ = {isa = PBXBuildFile; fileRef = BA92641520091B2700F096B7 /* maokai.png */; };
		BA92641D20091B2700F096B7 /* hello.wav in Resources */ = {isa = PBXBuildFile; fileRef = BA92641620091B2700F096B7 /* hello.wav */; };
		BA92641E20091B2700F096B7 /* pirulen.ttf in Resources */ = {isa = PBXBuildFile; fileRef = BA92641720091B2700F096B7 /* pirulen.ttf */; };
		BA92641F20091B2700F096B7 /* azir.png in Resources */ = {isa = PBXBuildFile; fileRef = BA92641820091B2700F096B7 /* azir.png */; };
		BA92642020091B2700F096B7 /* stage.jpg in Resources */ = {isa = PBXBuildFile; fileRef = BA92641920091B2700F096B7 /* stage.jpg */; };
		BA92642120091B2700F096B7 /* main.cpp in Sources */ = {isa = PBXBuildFile; fileRef = BA92641A20091B2700F096B7 /* main.cpp */; };
		BAD2CB3E200A265200E3CE9B /* dart.png in Resources */ = {isa = PBXBuildFile; fileRef = BAD2CB3D200A265200E3CE9B /* dart.png */; };
		BAD2CB40200A363700E3CE9B /* fireball.png in Resources */ = {isa = PBXBuildFile; fileRef = BAD2CB3F200A363700E3CE9B /* fireball.png */; };
/* End PBXBuildFile section */

/* Begin PBXCopyFilesBuildPhase section */
		BA12E83720090C5C00665F9B /* CopyFiles */ = {
			isa = PBXCopyFilesBuildPhase;
			buildActionMask = 2147483647;
			dstPath = "";
			dstSubfolderSpec = 10;
			files = (
				BA12E84520090D2900665F9B /* liballegro_main.5.2.3.dylib in CopyFiles */,
				BA12E84620090D2900665F9B /* liballegro_memfile.5.2.3.dylib in CopyFiles */,
				BA12E84720090D2900665F9B /* liballegro_video.5.2.3.dylib in CopyFiles */,
				BA12E84820090D2900665F9B /* liballegro_image.5.2.3.dylib in CopyFiles */,
				BA12E84920090D2900665F9B /* liballegro_font.5.2.3.dylib in CopyFiles */,
				BA12E84A20090D2900665F9B /* liballegro_ttf.5.2.3.dylib in CopyFiles */,
				BA12E84B20090D2900665F9B /* liballegro_color.5.2.3.dylib in CopyFiles */,
				BA12E84C20090D2900665F9B /* liballegro_audio.5.2.3.dylib in CopyFiles */,
				BA12E84D20090D2900665F9B /* liballegro_physfs.5.2.3.dylib in CopyFiles */,
				BA12E84E20090D2900665F9B /* liballegro_acodec.5.2.3.dylib in CopyFiles */,
				BA12E84F20090D2900665F9B /* liballegro_dialog.5.2.3.dylib in CopyFiles */,
				BA12E85020090D2900665F9B /* liballegro_primitives.5.2.3.dylib in CopyFiles */,
				BA12E85120090D2900665F9B /* liballegro.5.2.3.dylib in CopyFiles */,
			);
			runOnlyForDeploymentPostprocessing = 0;
		};
/* End PBXCopyFilesBuildPhase section */

/* Begin PBXFileReference section */
		BA12E808200905B600665F9B /* allegro-exercise.app */ = {isa = PBXFileReference; explicitFileType = wrapper.application; includeInIndex = 0; path = "allegro-exercise.app"; sourceTree = BUILT_PRODUCTS_DIR; };
		BA12E80E200905B600665F9B /* Assets.xcassets */ = {isa = PBXFileReference; lastKnownFileType = folder.assetcatalog; path = Assets.xcassets; sourceTree = "<group>"; };
		BA12E811200905B600665F9B /* Base */ = {isa = PBXFileReference; lastKnownFileType = file.xib; name = Base; path = Base.lproj/MainMenu.xib; sourceTree = "<group>"; };
		BA12E813200905B600665F9B /* Info.plist */ = {isa = PBXFileReference; lastKnownFileType = text.plist.xml; path = Info.plist; sourceTree = "<group>"; };
		BA12E816200905B600665F9B /* allegro_exercise.entitlements */ = {isa = PBXFileReference; lastKnownFileType = text.plist.entitlements; path = allegro_exercise.entitlements; sourceTree = "<group>"; };
		BA12E81D20090B7600665F9B /* liballegro_main.5.2.3.dylib */ = {isa = PBXFileReference; lastKnownFileType = "compiled.mach-o.dylib"; name = liballegro_main.5.2.3.dylib; path = ../../../../../usr/local/Cellar/allegro/5.2.3.0/lib/liballegro_main.5.2.3.dylib; sourceTree = "<group>"; };
		BA12E81E20090B7700665F9B /* liballegro_memfile.5.2.3.dylib */ = {isa = PBXFileReference; lastKnownFileType = "compiled.mach-o.dylib"; name = liballegro_memfile.5.2.3.dylib; path = ../../../../../usr/local/Cellar/allegro/5.2.3.0/lib/liballegro_memfile.5.2.3.dylib; sourceTree = "<group>"; };
		BA12E81F20090B7700665F9B /* liballegro_video.5.2.3.dylib */ = {isa = PBXFileReference; lastKnownFileType = "compiled.mach-o.dylib"; name = liballegro_video.5.2.3.dylib; path = ../../../../../usr/local/Cellar/allegro/5.2.3.0/lib/liballegro_video.5.2.3.dylib; sourceTree = "<group>"; };
		BA12E82020090B7700665F9B /* liballegro_image.5.2.3.dylib */ = {isa = PBXFileReference; lastKnownFileType = "compiled.mach-o.dylib"; name = liballegro_image.5.2.3.dylib; path = ../../../../../usr/local/Cellar/allegro/5.2.3.0/lib/liballegro_image.5.2.3.dylib; sourceTree = "<group>"; };
		BA12E82120090B7700665F9B /* liballegro_font.5.2.3.dylib */ = {isa = PBXFileReference; lastKnownFileType = "compiled.mach-o.dylib"; name = liballegro_font.5.2.3.dylib; path = ../../../../../usr/local/Cellar/allegro/5.2.3.0/lib/liballegro_font.5.2.3.dylib; sourceTree = "<group>"; };
		BA12E82220090B7700665F9B /* liballegro_ttf.5.2.3.dylib */ = {isa = PBXFileReference; lastKnownFileType = "compiled.mach-o.dylib"; name = liballegro_ttf.5.2.3.dylib; path = ../../../../../usr/local/Cellar/allegro/5.2.3.0/lib/liballegro_ttf.5.2.3.dylib; sourceTree = "<group>"; };
		BA12E82320090B7700665F9B /* liballegro_color.5.2.3.dylib */ = {isa = PBXFileReference; lastKnownFileType = "compiled.mach-o.dylib"; name = liballegro_color.5.2.3.dylib; path = ../../../../../usr/local/Cellar/allegro/5.2.3.0/lib/liballegro_color.5.2.3.dylib; sourceTree = "<group>"; };
		BA12E82420090B7700665F9B /* liballegro_audio.5.2.3.dylib */ = {isa = PBXFileReference; lastKnownFileType = "compiled.mach-o.dylib"; name = liballegro_audio.5.2.3.dylib; path = ../../../../../usr/local/Cellar/allegro/5.2.3.0/lib/liballegro_audio.5.2.3.dylib; sourceTree = "<group>"; };
		BA12E82520090B7700665F9B /* liballegro_physfs.5.2.3.dylib */ = {isa = PBXFileReference; lastKnownFileType = "compiled.mach-o.dylib"; name = liballegro_physfs.5.2.3.dylib; path = ../../../../../usr/local/Cellar/allegro/5.2.3.0/lib/liballegro_physfs.5.2.3.dylib; sourceTree = "<group>"; };
		BA12E82620090B7700665F9B /* liballegro_acodec.5.2.3.dylib */ = {isa = PBXFileReference; lastKnownFileType = "compiled.mach-o.dylib"; name = liballegro_acodec.5.2.3.dylib; path = ../../../../../usr/local/Cellar/allegro/5.2.3.0/lib/liballegro_acodec.5.2.3.dylib; sourceTree = "<group>"; };
		BA12E82720090B7700665F9B /* liballegro_dialog.5.2.3.dylib */ = {isa = PBXFileReference; lastKnownFileType = "compiled.mach-o.dylib"; name = liballegro_dialog.5.2.3.dylib; path = ../../../../../usr/local/Cellar/allegro/5.2.3.0/lib/liballegro_dialog.5.2.3.dylib; sourceTree = "<group>"; };
		BA12E82820090B7700665F9B /* liballegro_primitives.5.2.3.dylib */ = {isa = PBXFileReference; lastKnownFileType = "compiled.mach-o.dylib"; name = liballegro_primitives.5.2.3.dylib; path = ../../../../../usr/local/Cellar/allegro/5.2.3.0/lib/liballegro_primitives.5.2.3.dylib; sourceTree = "<group>"; };
		BA12E82920090B7700665F9B /* liballegro.5.2.3.dylib */ = {isa = PBXFileReference; lastKnownFileType = "compiled.mach-o.dylib"; name = liballegro.5.2.3.dylib; path = ../../../../../usr/local/Cellar/allegro/5.2.3.0/lib/liballegro.5.2.3.dylib; sourceTree = "<group>"; };
		BA12E83820090D2800665F9B /* liballegro_main.5.2.3.dylib */ = {isa = PBXFileReference; lastKnownFileType = "compiled.mach-o.dylib"; name = liballegro_main.5.2.3.dylib; path = ../../../../../usr/local/Cellar/allegro/5.2.3.0/lib/liballegro_main.5.2.3.dylib; sourceTree = "<group>"; };
		BA12E83920090D2800665F9B /* liballegro_memfile.5.2.3.dylib */ = {isa = PBXFileReference; lastKnownFileType = "compiled.mach-o.dylib"; name = liballegro_memfile.5.2.3.dylib; path = ../../../../../usr/local/Cellar/allegro/5.2.3.0/lib/liballegro_memfile.5.2.3.dylib; sourceTree = "<group>"; };
		BA12E83A20090D2800665F9B /* liballegro_video.5.2.3.dylib */ = {isa = PBXFileReference; lastKnownFileType = "compiled.mach-o.dylib"; name = liballegro_video.5.2.3.dylib; path = ../../../../../usr/local/Cellar/allegro/5.2.3.0/lib/liballegro_video.5.2.3.dylib; sourceTree = "<group>"; };
		BA12E83B20090D2800665F9B /* liballegro_image.5.2.3.dylib */ = {isa = PBXFileReference; lastKnownFileType = "compiled.mach-o.dylib"; name = liballegro_image.5.2.3.dylib; path = ../../../../../usr/local/Cellar/allegro/5.2.3.0/lib/liballegro_image.5.2.3.dylib; sourceTree = "<group>"; };
		BA12E83C20090D2800665F9B /* liballegro_font.5.2.3.dylib */ = {isa = PBXFileReference; lastKnownFileType = "compiled.mach-o.dylib"; name = liballegro_font.5.2.3.dylib; path = ../../../../../usr/local/Cellar/allegro/5.2.3.0/lib/liballegro_font.5.2.3.dylib; sourceTree = "<group>"; };
		BA12E83D20090D2800665F9B /* liballegro_ttf.5.2.3.dylib */ = {isa = PBXFileReference; lastKnownFileType = "compiled.mach-o.dylib"; name = liballegro_ttf.5.2.3.dylib; path = ../../../../../usr/local/Cellar/allegro/5.2.3.0/lib/liballegro_ttf.5.2.3.dylib; sourceTree = "<group>"; };
		BA12E83E20090D2800665F9B /* liballegro_color.5.2.3.dylib */ = {isa = PBXFileReference; lastKnownFileType = "compiled.mach-o.dylib"; name = liballegro_color.5.2.3.dylib; path = ../../../../../usr/local/Cellar/allegro/5.2.3.0/lib/liballegro_color.5.2.3.dylib; sourceTree = "<group>"; };
		BA12E83F20090D2900665F9B /* liballegro_audio.5.2.3.dylib */ = {isa = PBXFileReference; lastKnownFileType = "compiled.mach-o.dylib"; name = liballegro_audio.5.2.3.dylib; path = ../../../../../usr/local/Cellar/allegro/5.2.3.0/lib/liballegro_audio.5.2.3.dylib; sourceTree = "<group>"; };
		BA12E84020090D2900665F9B /* liballegro_physfs.5.2.3.dylib */ = {isa = PBXFileReference; lastKnownFileType = "compiled.mach-o.dylib"; name = liballegro_physfs.5.2.3.dylib; path = ../../../../../usr/local/Cellar/allegro/5.2.3.0/lib/liballegro_physfs.5.2.3.dylib; sourceTree = "<group>"; };
		BA12E84120090D2900665F9B /* liballegro_acodec.5.2.3.dylib */ = {isa = PBXFileReference; lastKnownFileType = "compiled.mach-o.dylib"; name = liballegro_acodec.5.2.3.dylib; path = ../../../../../usr/local/Cellar/allegro/5.2.3.0/lib/liballegro_acodec.5.2.3.dylib; sourceTree = "<group>"; };
		BA12E84220090D2900665F9B /* liballegro_dialog.5.2.3.dylib */ = {isa = PBXFileReference; lastKnownFileType = "compiled.mach-o.dylib"; name = liballegro_dialog.5.2.3.dylib; path = ../../../../../usr/local/Cellar/allegro/5.2.3.0/lib/liballegro_dialog.5.2.3.dylib; sourceTree = "<group>"; };
		BA12E84320090D2900665F9B /* liballegro_primitives.5.2.3.dylib */ = {isa = PBXFileReference; lastKnownFileType = "compiled.mach-o.dylib"; name = liballegro_primitives.5.2.3.dylib; path = ../../../../../usr/local/Cellar/allegro/5.2.3.0/lib/liballegro_primitives.5.2.3.dylib; sourceTree = "<group>"; };
		BA12E84420090D2900665F9B /* liballegro.5.2.3.dylib */ = {isa = PBXFileReference; lastKnownFileType = "compiled.mach-o.dylib"; name = liballegro.5.2.3.dylib; path = ../../../../../usr/local/Cellar/allegro/5.2.3.0/lib/liballegro.5.2.3.dylib; sourceTree = "<group>"; };
		BA92641420091B2600F096B7 /* teemo.png */ = {isa = PBXFileReference; lastKnownFileType = image.png; path = teemo.png; sourceTree = "<group>"; };
		BA92641520091B2700F096B7 /* maokai.png */ = {isa = PBXFileReference; lastKnownFileType = image.png; path = maokai.png; sourceTree = "<group>"; };
		BA92641620091B2700F096B7 /* hello.wav */ = {isa = PBXFileReference; lastKnownFileType = audio.wav; path = hello.wav; sourceTree = "<group>"; };
		BA92641720091B2700F096B7 /* pirulen.ttf */ = {isa = PBXFileReference; lastKnownFileType = file; path = pirulen.ttf; sourceTree = "<group>"; };
		BA92641820091B2700F096B7 /* azir.png */ = {isa = PBXFileReference; lastKnownFileType = image.png; path = azir.png; sourceTree = "<group>"; };
		BA92641920091B2700F096B7 /* stage.jpg */ = {isa = PBXFileReference; lastKnownFileType = image.jpeg; path = stage.jpg; sourceTree = "<group>"; };
		BA92641A20091B2700F096B7 /* main.cpp */ = {isa = PBXFileReference; fileEncoding = 4; lastKnownFileType = sourcecode.cpp.cpp; path = main.cpp; sourceTree = "<group>"; };
		BAD2CB3D200A265200E3CE9B /* dart.png */ = {isa = PBXFileReference; lastKnownFileType = image.png; path = dart.png; sourceTree = "<group>"; };
		BAD2CB3F200A363700E3CE9B /* fireball.png */ = {isa = PBXFileReference; lastKnownFileType = image.png; path = fireball.png; sourceTree = "<group>"; };
/* End PBXFileReference section */

/* Begin PBXFrameworksBuildPhase section */
		BA12E805200905B600665F9B /* Frameworks */ = {
			isa = PBXFrameworksBuildPhase;
			buildActionMask = 2147483647;
			files = (
				BA12E82A20090B7700665F9B /* liballegro_main.5.2.3.dylib in Frameworks */,
				BA12E82B20090B7700665F9B /* liballegro_memfile.5.2.3.dylib in Frameworks */,
				BA12E82C20090B7700665F9B /* liballegro_video.5.2.3.dylib in Frameworks */,
				BA12E82D20090B7700665F9B /* liballegro_image.5.2.3.dylib in Frameworks */,
				BA12E82E20090B7700665F9B /* liballegro_font.5.2.3.dylib in Frameworks */,
				BA12E82F20090B7700665F9B /* liballegro_ttf.5.2.3.dylib in Frameworks */,
				BA12E83020090B7700665F9B /* liballegro_color.5.2.3.dylib in Frameworks */,
				BA12E83120090B7700665F9B /* liballegro_audio.5.2.3.dylib in Frameworks */,
				BA12E83220090B7700665F9B /* liballegro_physfs.5.2.3.dylib in Frameworks */,
				BA12E83320090B7700665F9B /* liballegro_acodec.5.2.3.dylib in Frameworks */,
				BA12E83420090B7700665F9B /* liballegro_dialog.5.2.3.dylib in Frameworks */,
				BA12E83520090B7700665F9B /* liballegro_primitives.5.2.3.dylib in Frameworks */,
				BA12E83620090B7700665F9B /* liballegro.5.2.3.dylib in Frameworks */,
			);
			runOnlyForDeploymentPostprocessing = 0;
		};
/* End PBXFrameworksBuildPhase section */

/* Begin PBXGroup section */
		BA12E7FF200905B500665F9B = {
			isa = PBXGroup;
			children = (
				BA12E84120090D2900665F9B /* liballegro_acodec.5.2.3.dylib */,
				BA12E83F20090D2900665F9B /* liballegro_audio.5.2.3.dylib */,
				BA12E83E20090D2800665F9B /* liballegro_color.5.2.3.dylib */,
				BA12E84220090D2900665F9B /* liballegro_dialog.5.2.3.dylib */,
				BA12E83C20090D2800665F9B /* liballegro_font.5.2.3.dylib */,
				BA12E83B20090D2800665F9B /* liballegro_image.5.2.3.dylib */,
				BA12E83820090D2800665F9B /* liballegro_main.5.2.3.dylib */,
				BA12E83920090D2800665F9B /* liballegro_memfile.5.2.3.dylib */,
				BA12E84020090D2900665F9B /* liballegro_physfs.5.2.3.dylib */,
				BA12E84320090D2900665F9B /* liballegro_primitives.5.2.3.dylib */,
				BA12E83D20090D2800665F9B /* liballegro_ttf.5.2.3.dylib */,
				BA12E83A20090D2800665F9B /* liballegro_video.5.2.3.dylib */,
				BA12E84420090D2900665F9B /* liballegro.5.2.3.dylib */,
				BA12E80A200905B600665F9B /* allegro-exercise */,
				BA12E809200905B600665F9B /* Products */,
				BA12E81C20090B7600665F9B /* Frameworks */,
			);
			sourceTree = "<group>";
		};
		BA12E809200905B600665F9B /* Products */ = {
			isa = PBXGroup;
			children = (
				BA12E808200905B600665F9B /* allegro-exercise.app */,
			);
			name = Products;
			sourceTree = "<group>";
		};
		BA12E80A200905B600665F9B /* allegro-exercise */ = {
			isa = PBXGroup;
			children = (
				BAD2CB3F200A363700E3CE9B /* fireball.png */,
				BAD2CB3D200A265200E3CE9B /* dart.png */,
				BA92641820091B2700F096B7 /* azir.png */,
				BA92641620091B2700F096B7 /* hello.wav */,
				BA92641A20091B2700F096B7 /* main.cpp */,
				BA92641520091B2700F096B7 /* maokai.png */,
				BA92641720091B2700F096B7 /* pirulen.ttf */,
				BA92641920091B2700F096B7 /* stage.jpg */,
				BA92641420091B2600F096B7 /* teemo.png */,
				BA12E80E200905B600665F9B /* Assets.xcassets */,
				BA12E810200905B600665F9B /* MainMenu.xib */,
				BA12E813200905B600665F9B /* Info.plist */,
				BA12E816200905B600665F9B /* allegro_exercise.entitlements */,
			);
			path = "allegro-exercise";
			sourceTree = "<group>";
		};
		BA12E81C20090B7600665F9B /* Frameworks */ = {
			isa = PBXGroup;
			children = (
				BA12E82620090B7700665F9B /* liballegro_acodec.5.2.3.dylib */,
				BA12E82420090B7700665F9B /* liballegro_audio.5.2.3.dylib */,
				BA12E82320090B7700665F9B /* liballegro_color.5.2.3.dylib */,
				BA12E82720090B7700665F9B /* liballegro_dialog.5.2.3.dylib */,
				BA12E82120090B7700665F9B /* liballegro_font.5.2.3.dylib */,
				BA12E82020090B7700665F9B /* liballegro_image.5.2.3.dylib */,
				BA12E81D20090B7600665F9B /* liballegro_main.5.2.3.dylib */,
				BA12E81E20090B7700665F9B /* liballegro_memfile.5.2.3.dylib */,
				BA12E82520090B7700665F9B /* liballegro_physfs.5.2.3.dylib */,
				BA12E82820090B7700665F9B /* liballegro_primitives.5.2.3.dylib */,
				BA12E82220090B7700665F9B /* liballegro_ttf.5.2.3.dylib */,
				BA12E81F20090B7700665F9B /* liballegro_video.5.2.3.dylib */,
				BA12E82920090B7700665F9B /* liballegro.5.2.3.dylib */,
			);
			name = Frameworks;
			sourceTree = "<group>";
		};
/* End PBXGroup section */

/* Begin PBXNativeTarget section */
		BA12E807200905B600665F9B /* allegro-exercise */ = {
			isa = PBXNativeTarget;
			buildConfigurationList = BA12E819200905B600665F9B /* Build configuration list for PBXNativeTarget "allegro-exercise" */;
			buildPhases = (
				BA12E804200905B600665F9B /* Sources */,
				BA12E805200905B600665F9B /* Frameworks */,
				BA12E806200905B600665F9B /* Resources */,
				BA12E83720090C5C00665F9B /* CopyFiles */,
			);
			buildRules = (
			);
			dependencies = (
			);
			name = "allegro-exercise";
			productName = "allegro-exercise";
			productReference = BA12E808200905B600665F9B /* allegro-exercise.app */;
			productType = "com.apple.product-type.application";
		};
/* End PBXNativeTarget section */

/* Begin PBXProject section */
		BA12E800200905B500665F9B /* Project object */ = {
			isa = PBXProject;
			attributes = {
				LastUpgradeCheck = 0900;
				ORGANIZATIONNAME = cclin;
				TargetAttributes = {
					BA12E807200905B600665F9B = {
						CreatedOnToolsVersion = 9.0;
						ProvisioningStyle = Automatic;
					};
				};
			};
			buildConfigurationList = BA12E803200905B500665F9B /* Build configuration list for PBXProject "allegro-exercise" */;
			compatibilityVersion = "Xcode 8.0";
			developmentRegion = en;
			hasScannedForEncodings = 0;
			knownRegions = (
				en,
				Base,
			);
			mainGroup = BA12E7FF200905B500665F9B;
			productRefGroup = BA12E809200905B600665F9B /* Products */;
			projectDirPath = "";
			projectRoot = "";
			targets = (
				BA12E807200905B600665F9B /* allegro-exercise */,
			);
		};
/* End PBXProject section */

/* Begin PBXResourcesBuildPhase section */
		BA12E806200905B600665F9B /* Resources */ = {
			isa = PBXResourcesBuildPhase;
			buildActionMask = 2147483647;
			files = (
				BA12E80F200905B600665F9B /* Assets.xcassets in Resources */,
				BA12E812200905B600665F9B /* MainMenu.xib in Resources */,
				BAD2CB40200A363700E3CE9B /* fireball.png in Resources */,
				BAD2CB3E200A265200E3CE9B /* dart.png in Resources */,
				BA92641B20091B2700F096B7 /* teemo.png in Resources */,
				BA92641F20091B2700F096B7 /* azir.png in Resources */,
				BA92642020091B2700F096B7 /* stage.jpg in Resources */,
				BA92641D20091B2700F096B7 /* hello.wav in Resources */,
				BA92641E20091B2700F096B7 /* pirulen.ttf in Resources */,
				BA92641C20091B2700F096B7 /* maokai.png in Resources */,
			);
			runOnlyForDeploymentPostprocessing = 0;
		};
/* End PBXResourcesBuildPhase section */

/* Begin PBXSourcesBuildPhase section */
		BA12E804200905B600665F9B /* Sources */ = {
			isa = PBXSourcesBuildPhase;
			buildActionMask = 2147483647;
			files = (
				BA92642120091B2700F096B7 /* main.cpp in Sources */,
			);
			runOnlyForDeploymentPostprocessing = 0;
		};
/* End PBXSourcesBuildPhase section */

/* Begin PBXVariantGroup section */
		BA12E810200905B600665F9B /* MainMenu.xib */ = {
			isa = PBXVariantGroup;
			children = (
				BA12E811200905B600665F9B /* Base */,
			);
			name = MainMenu.xib;
			sourceTree = "<group>";
		};
/* End PBXVariantGroup section */

/* Begin XCBuildConfiguration section */
		BA12E817200905B600665F9B /* Debug */ = {
			isa = XCBuildConfiguration;
			buildSettings = {
				ALWAYS_SEARCH_USER_PATHS = NO;
				CLANG_ANALYZER_NONNULL = YES;
				CLANG_ANALYZER_NUMBER_OBJECT_CONVERSION = YES_AGGRESSIVE;
				CLANG_CXX_LANGUAGE_STANDARD = "gnu++14";
				CLANG_CXX_LIBRARY = "libc++";
				CLANG_ENABLE_MODULES = YES;
				CLANG_ENABLE_OBJC_ARC = YES;
				CLANG_WARN_BLOCK_CAPTURE_AUTORELEASING = YES;
				CLANG_WARN_BOOL_CONVERSION = YES;
				CLANG_WARN_COMMA = YES;
				CLANG_WARN_CONSTANT_CONVERSION = YES;
				CLANG_WARN_DIRECT_OBJC_ISA_USAGE = YES_ERROR;
				CLANG_WARN_DOCUMENTATION_COMMENTS = YES;
				CLANG_WARN_EMPTY_BODY = YES;
				CLANG_WARN_ENUM_CONVERSION = YES;
				CLANG_WARN_INFINITE_RECURSION = YES;
				CLANG_WARN_INT_CONVERSION = YES;
				CLANG_WARN_NON_LITERAL_NULL_CONVERSION = YES;
				CLANG_WARN_OBJC_LITERAL_CONVERSION = YES;
				CLANG_WARN_OBJC_ROOT_CLASS = YES_ERROR;
				CLANG_WARN_RANGE_LOOP_ANALYSIS = YES;
				CLANG_WARN_STRICT_PROTOTYPES = YES;
				CLANG_WARN_SUSPICIOUS_MOVE = YES;
				CLANG_WARN_UNGUARDED_AVAILABILITY = YES_AGGRESSIVE;
				CLANG_WARN_UNREACHABLE_CODE = YES;
				CLANG_WARN__DUPLICATE_METHOD_MATCH = YES;
				CODE_SIGN_IDENTITY = "-";
				COPY_PHASE_STRIP = NO;
				DEBUG_INFORMATION_FORMAT = dwarf;
				ENABLE_STRICT_OBJC_MSGSEND = YES;
				ENABLE_TESTABILITY = YES;
				GCC_C_LANGUAGE_STANDARD = gnu11;
				GCC_DYNAMIC_NO_PIC = NO;
				GCC_NO_COMMON_BLOCKS = YES;
				GCC_OPTIMIZATION_LEVEL = 0;
				GCC_PREPROCESSOR_DEFINITIONS = (
					"DEBUG=1",
					"$(inherited)",
				);
				GCC_WARN_64_TO_32_BIT_CONVERSION = YES;
				GCC_WARN_ABOUT_RETURN_TYPE = YES_ERROR;
				GCC_WARN_UNDECLARED_SELECTOR = YES;
				GCC_WARN_UNINITIALIZED_AUTOS = YES_AGGRESSIVE;
				GCC_WARN_UNUSED_FUNCTION = YES;
				GCC_WARN_UNUSED_VARIABLE = YES;
				MACOSX_DEPLOYMENT_TARGET = 10.12;
				MTL_ENABLE_DEBUG_INFO = YES;
				ONLY_ACTIVE_ARCH = YES;
				SDKROOT = macosx;
			};
			name = Debug;
		};
		BA12E818200905B600665F9B /* Release */ = {
			isa = XCBuildConfiguration;
			buildSettings = {
				ALWAYS_SEARCH_USER_PATHS = NO;
				CLANG_ANALYZER_NONNULL = YES;
				CLANG_ANALYZER_NUMBER_OBJECT_CONVERSION = YES_AGGRESSIVE;
				CLANG_CXX_LANGUAGE_STANDARD = "gnu++14";
				CLANG_CXX_LIBRARY = "libc++";
				CLANG_ENABLE_MODULES = YES;
				CLANG_ENABLE_OBJC_ARC = YES;
				CLANG_WARN_BLOCK_CAPTURE_AUTORELEASING = YES;
				CLANG_WARN_BOOL_CONVERSION = YES;
				CLANG_WARN_COMMA = YES;
				CLANG_WARN_CONSTANT_CONVERSION = YES;
				CLANG_WARN_DIRECT_OBJC_ISA_USAGE = YES_ERROR;
				CLANG_WARN_DOCUMENTATION_COMMENTS = YES;
				CLANG_WARN_EMPTY_BODY = YES;
				CLANG_WARN_ENUM_CONVERSION = YES;
				CLANG_WARN_INFINITE_RECURSION = YES;
				CLANG_WARN_INT_CONVERSION = YES;
				CLANG_WARN_NON_LITERAL_NULL_CONVERSION = YES;
				CLANG_WARN_OBJC_LITERAL_CONVERSION = YES;
				CLANG_WARN_OBJC_ROOT_CLASS = YES_ERROR;
				CLANG_WARN_RANGE_LOOP_ANALYSIS = YES;
				CLANG_WARN_STRICT_PROTOTYPES = YES;
				CLANG_WARN_SUSPICIOUS_MOVE = YES;
				CLANG_WARN_UNGUARDED_AVAILABILITY = YES_AGGRESSIVE;
				CLANG_WARN_UNREACHABLE_CODE = YES;
				CLANG_WARN__DUPLICATE_METHOD_MATCH = YES;
				CODE_SIGN_IDENTITY = "-";
				COPY_PHASE_STRIP = NO;
				DEBUG_INFORMATION_FORMAT = "dwarf-with-dsym";
				ENABLE_NS_ASSERTIONS = NO;
				ENABLE_STRICT_OBJC_MSGSEND = YES;
				GCC_C_LANGUAGE_STANDARD = gnu11;
				GCC_NO_COMMON_BLOCKS = YES;
				GCC_WARN_64_TO_32_BIT_CONVERSION = YES;
				GCC_WARN_ABOUT_RETURN_TYPE = YES_ERROR;
				GCC_WARN_UNDECLARED_SELECTOR = YES;
				GCC_WARN_UNINITIALIZED_AUTOS = YES_AGGRESSIVE;
				GCC_WARN_UNUSED_FUNCTION = YES;
				GCC_WARN_UNUSED_VARIABLE = YES;
				MACOSX_DEPLOYMENT_TARGET = 10.12;
				MTL_ENABLE_DEBUG_INFO = NO;
				SDKROOT = macosx;
			};
			name = Release;
		};
		BA12E81A200905B600665F9B /* Debug */ = {
			isa = XCBuildConfiguration;
			buildSettings = {
				ASSETCATALOG_COMPILER_APPICON_NAME = AppIcon;
				CLANG_CXX_LANGUAGE_STANDARD = "gnu++0x";
				CODE_SIGN_ENTITLEMENTS = "allegro-exercise/allegro_exercise.entitlements";
				CODE_SIGN_STYLE = Automatic;
				COMBINE_HIDPI_IMAGES = YES;
				HEADER_SEARCH_PATHS = "/usr/local/include/**";
				INFOPLIST_FILE = "allegro-exercise/Info.plist";
				LD_RUNPATH_SEARCH_PATHS = "$(inherited) @executable_path/../Frameworks";
				LIBRARY_SEARCH_PATHS = (
					"/usr/local/include/**",
					/usr/local/Cellar/allegro/5.2.3.0/lib,
				);
				PRODUCT_BUNDLE_IDENTIFIER = "c.allegro-exercise";
				PRODUCT_NAME = "$(TARGET_NAME)";
			};
			name = Debug;
		};
		BA12E81B200905B600665F9B /* Release */ = {
			isa = XCBuildConfiguration;
			buildSettings = {
				ASSETCATALOG_COMPILER_APPICON_NAME = AppIcon;
				CLANG_CXX_LANGUAGE_STANDARD = "gnu++0x";
				CODE_SIGN_ENTITLEMENTS = "allegro-exercise/allegro_exercise.entitlements";
				CODE_SIGN_STYLE = Automatic;
				COMBINE_HIDPI_IMAGES = YES;
				HEADER_SEARCH_PATHS = "/usr/local/include/**";
				INFOPLIST_FILE = "allegro-exercise/Info.plist";
				LD_RUNPATH_SEARCH_PATHS = "$(inherited) @executable_path/../Frameworks";
				LIBRARY_SEARCH_PATHS = (
					"/usr/local/include/**",
					/usr/local/Cellar/allegro/5.2.3.0/lib,
				);
				PRODUCT_BUNDLE_IDENTIFIER = "c.allegro-exercise";
				PRODUCT_NAME = "$(TARGET_NAME)";
			};
			name = Release;
		};
/* End XCBuildConfiguration section */

/* Begin XCConfigurationList section */
		BA12E803200905B500665F9B /* Build configuration list for PBXProject "allegro-exercise" */ = {
			isa = XCConfigurationList;
			buildConfigurations = (
				BA12E817200905B600665F9B /* Debug */,
				BA12E818200905B600665F9B /* Release */,
			);
			defaultConfigurationIsVisible = 0;
			defaultConfigurationName = Release;
		};
		BA12E819200905B600665F9B /* Build configuration list for PBXNativeTarget "allegro-exercise" */ = {
			isa = XCConfigurationList;
			buildConfigurations = (
				BA12E81A200905B600665F9B /* Debug */,
				BA12E81B200905B600665F9B /* Release */,
			);
			defaultConfigurationIsVisible = 0;
			defaultConfigurationName = Release;
		};
/* End XCConfigurationList section */
	};
	rootObject = BA12E800200905B500665F9B /* Project object */;
}
